<Solution>
  <Project Path="Catalogo.Application/Catalogo.Application.csproj" />
  <Project Path="Catalogo.Domain/Catalogo.Domain.csproj" />
  <Project Path="Catalogo.Infraestructure/Catalogo.Infraestructure.csproj" />
  <Project Path="Catalogo.Presentation/Catalogo.Presentation.csproj" />
</Solution>
